{
  "version": "4",
  "specifiers": {
    "jsr:@oak/commons@1": "1.0.0",
    "jsr:@oak/oak@^17.1.2": "17.1.2",
    "jsr:@std/assert@1": "1.0.6",
    "jsr:@std/bytes@1": "1.0.2",
    "jsr:@std/bytes@^1.0.2": "1.0.2",
    "jsr:@std/crypto@1": "1.0.3",
    "jsr:@std/encoding@1": "1.0.5",
    "jsr:@std/encoding@^1.0.5": "1.0.5",
    "jsr:@std/http@1": "1.0.9",
    "jsr:@std/internal@^1.0.4": "1.0.4",
    "jsr:@std/io@0.224": "0.224.9",
    "jsr:@std/media-types@1": "1.0.3",
    "jsr:@std/path@1": "1.0.7",
    "npm:@types/node@*": "22.5.4",
    "npm:dejs@~0.7.5": "0.7.5_immutable@3.8.2_lodash@4.17.21_numeral@2.0.6_react@16.14.0_superagent@4.1.0_superagent-mocker@0.5.2",
    "npm:path-to-regexp@6.2.1": "6.2.1",
    "npm:solid-js@^1.9.3": "1.9.3_seroval@1.1.1"
  },
  "jsr": {
    "@oak/commons@1.0.0": {
      "integrity": "49805b55603c3627a9d6235c0655aa2b6222d3036b3a13ff0380c16368f607ac",
      "dependencies": [
        "jsr:@std/assert",
        "jsr:@std/bytes@1",
        "jsr:@std/crypto",
        "jsr:@std/encoding@1",
        "jsr:@std/http",
        "jsr:@std/media-types"
      ]
    },
    "@oak/oak@17.1.2": {
      "integrity": "3465ddd605c7e1c50289c07e98980e8d49a790d53c6fd01d7eb93a7d301f0a9a",
      "dependencies": [
        "jsr:@oak/commons",
        "jsr:@std/assert",
        "jsr:@std/bytes@1",
        "jsr:@std/crypto",
        "jsr:@std/http",
        "jsr:@std/io",
        "jsr:@std/media-types",
        "jsr:@std/path",
        "npm:path-to-regexp"
      ]
    },
    "@std/assert@1.0.6": {
      "integrity": "1904c05806a25d94fe791d6d883b685c9e2dcd60e4f9fc30f4fc5cf010c72207",
      "dependencies": [
        "jsr:@std/internal"
      ]
    },
    "@std/bytes@1.0.2": {
      "integrity": "fbdee322bbd8c599a6af186a1603b3355e59a5fb1baa139f8f4c3c9a1b3e3d57"
    },
    "@std/crypto@1.0.3": {
      "integrity": "a2a32f51ddef632d299e3879cd027c630dcd4d1d9a5285d6e6788072f4e51e7f"
    },
    "@std/encoding@1.0.5": {
      "integrity": "ecf363d4fc25bd85bd915ff6733a7e79b67e0e7806334af15f4645c569fefc04"
    },
    "@std/http@1.0.9": {
      "integrity": "d409fc319a5e8d4a154e576c758752e9700282d74f31357a12fec6420f9ecb6c",
      "dependencies": [
        "jsr:@std/encoding@^1.0.5"
      ]
    },
    "@std/internal@1.0.4": {
      "integrity": "62e8e4911527e5e4f307741a795c0b0a9e6958d0b3790716ae71ce085f755422"
    },
    "@std/io@0.224.9": {
      "integrity": "4414664b6926f665102e73c969cfda06d2c4c59bd5d0c603fd4f1b1c840d6ee3",
      "dependencies": [
        "jsr:@std/bytes@^1.0.2"
      ]
    },
    "@std/media-types@1.0.3": {
      "integrity": "b12d30a7852f7578f4d210622df713bbfd1cbdd9b4ec2eaf5c1845ab70bab159"
    },
    "@std/path@1.0.7": {
      "integrity": "76a689e07f0e15dcc6002ec39d0866797e7156629212b28f27179b8a5c3b33a1"
    }
  },
  "npm": {
    "@types/node@22.5.4": {
      "integrity": "sha512-FDuKUJQm/ju9fT/SeX/6+gBzoPzlVCzfzmGkwKvRHQVxi4BntVbyIwf6a4Xn62mrvndLiml6z/UBXIdEVjQLXg==",
      "dependencies": [
        "undici-types"
      ]
    },
    "asynckit@0.4.0": {
      "integrity": "sha512-Oei9OH4tRh0YqU3GxhX79dM/mwVgvbZJaSNaRk+bshkj0S5cfHcgYakreBjrHwatXKbz+IoIdYLxrKim2MjW0Q=="
    },
    "call-bind@1.0.7": {
      "integrity": "sha512-GHTSNSYICQ7scH7sZ+M2rFopRoLh8t2bLSW6BbgrtLsahOIB5iyAVJf9GjWK3cYTDaMj4XdBpM1cA6pIS0Kv2w==",
      "dependencies": [
        "es-define-property",
        "es-errors",
        "function-bind",
        "get-intrinsic",
        "set-function-length"
      ]
    },
    "combined-stream@1.0.8": {
      "integrity": "sha512-FQN4MRfuJeHf7cBbBMJFXhKSDq+2kAArBlmRBvcvFE5BB1HZKXtSFASDhdlz9zOYwxh8lDdnvmMOe/+5cdoEdg==",
      "dependencies": [
        "delayed-stream"
      ]
    },
    "component-emitter@1.3.1": {
      "integrity": "sha512-T0+barUSQRTUQASh8bx02dl+DhF54GtIDY13Y3m9oWTklKbb3Wv974meRpeZ3lp1JpLVECWWNHC4vaG2XHXouQ=="
    },
    "cookiejar@2.1.4": {
      "integrity": "sha512-LDx6oHrK+PhzLKJU9j5S7/Y3jM/mUHvD/DeI1WQmJn652iPC5Y4TBzC9l+5OMOXlyTTA+SmVUPm0HQUwpD5Jqw=="
    },
    "csstype@3.1.3": {
      "integrity": "sha512-M1uQkMl8rQK/szD0LNhtqxIPLpimGm8sOBwU7lLnCpSbTyY3yeU1Vc7l4KT5zT4s/yOxHH5O7tIuuLOCnLADRw=="
    },
    "debug@4.3.7": {
      "integrity": "sha512-Er2nc/H7RrMXZBFCEim6TCmMk02Z8vLC2Rbi1KEBggpo0fS6l0S1nnapwmIi3yW/+GOJap1Krg4w0Hg80oCqgQ==",
      "dependencies": [
        "ms"
      ]
    },
    "define-data-property@1.1.4": {
      "integrity": "sha512-rBMvIzlpA8v6E+SJZoo++HAYqsLrkg7MSfIinMPFhmkorw7X+dOXVJQs+QT69zGkzMyfDnIMN2Wid1+NbL3T+A==",
      "dependencies": [
        "es-define-property",
        "es-errors",
        "gopd"
      ]
    },
    "dejs@0.7.5_immutable@3.8.2_lodash@4.17.21_numeral@2.0.6_react@16.14.0_superagent@4.1.0_superagent-mocker@0.5.2": {
      "integrity": "sha512-DWIA6wnY8Ih/e1bMpDuy7ItmrUA14NI47yFQIXOarogFOfqUoe3BvgI1f2qoAWu/s+m2GRhNI7DdpLUrPfpvAg==",
      "dependencies": [
        "highcharts",
        "immutable",
        "lodash",
        "numeral",
        "react",
        "superagent",
        "superagent-mocker"
      ]
    },
    "delayed-stream@1.0.0": {
      "integrity": "sha512-ZySD7Nf91aLB0RxL4KGrKHBXl7Eds1DAmEdcoVawXnLD7SDhpNgtuII2aAkg7a7QS41jxPSZ17p4VdGnMHk3MQ=="
    },
    "es-define-property@1.0.0": {
      "integrity": "sha512-jxayLKShrEqqzJ0eumQbVhTYQM27CfT1T35+gCgDFoL82JLsXqTJ76zv6A0YLOgEnLUMvLzsDsGIrl8NFpT2gQ==",
      "dependencies": [
        "get-intrinsic"
      ]
    },
    "es-errors@1.3.0": {
      "integrity": "sha512-Zf5H2Kxt2xjTvbJvP2ZWLEICxA6j+hAmMzIlypy4xcBg1vKVnx89Wy0GbS+kf5cwCVFFzdCFh2XSCFNULS6csw=="
    },
    "form-data@2.5.2": {
      "integrity": "sha512-GgwY0PS7DbXqajuGf4OYlsrIu3zgxD6Vvql43IBhm6MahqA5SK/7mwhtNj2AdH2z35YR34ujJ7BN+3fFC3jP5Q==",
      "dependencies": [
        "asynckit",
        "combined-stream",
        "mime-types",
        "safe-buffer"
      ]
    },
    "formidable@1.2.6": {
      "integrity": "sha512-KcpbcpuLNOwrEjnbpMC0gS+X8ciDoZE1kkqzat4a8vrprf+s9pKNQ/QIwWfbfs4ltgmFl3MD177SNTkve3BwGQ=="
    },
    "function-bind@1.1.2": {
      "integrity": "sha512-7XHNxH7qX9xG5mIwxkhumTox/MIRNcOgDrxWsMt2pAr23WHp6MrRlN7FBSFpCpr+oVO0F744iUgR82nJMfG2SA=="
    },
    "get-intrinsic@1.2.4": {
      "integrity": "sha512-5uYhsJH8VJBTv7oslg4BznJYhDoRI6waYCxMmCdnTrcCrHA/fCFKoTFz2JKKE0HdDFUF7/oQuhzumXJK7paBRQ==",
      "dependencies": [
        "es-errors",
        "function-bind",
        "has-proto",
        "has-symbols",
        "hasown"
      ]
    },
    "gopd@1.0.1": {
      "integrity": "sha512-d65bNlIadxvpb/A2abVdlqKqV563juRnZ1Wtk6s1sIR8uNsXR70xqIzVqxVf1eTqDunwT2MkczEeaezCKTZhwA==",
      "dependencies": [
        "get-intrinsic"
      ]
    },
    "has-property-descriptors@1.0.2": {
      "integrity": "sha512-55JNKuIW+vq4Ke1BjOTjM2YctQIvCT7GFzHwmfZPGo5wnrgkid0YQtnAleFSqumZm4az3n2BS+erby5ipJdgrg==",
      "dependencies": [
        "es-define-property"
      ]
    },
    "has-proto@1.0.3": {
      "integrity": "sha512-SJ1amZAJUiZS+PhsVLf5tGydlaVB8EdFpaSO4gmiUKUOxk8qzn5AIy4ZeJUmh22znIdk/uMAUT2pl3FxzVUH+Q=="
    },
    "has-symbols@1.0.3": {
      "integrity": "sha512-l3LCuF6MgDNwTDKkdYGEihYjt5pRPbEg46rtlmnSPlUbgmB8LOIrKJbYYFBSbnPaJexMKtiPO8hmeRjRz2Td+A=="
    },
    "hasown@2.0.2": {
      "integrity": "sha512-0hJU9SCPvmMzIBdZFqNPXWa6dqh7WdH0cII9y+CyS8rG3nL48Bclra9HmKhVVUHyPWNH5Y7xDwAB7bfgSjkUMQ==",
      "dependencies": [
        "function-bind"
      ]
    },
    "highcharts@6.2.0": {
      "integrity": "sha512-A4E89MA+kto8giic7zyLU6ZxfXnVeCUlKOyzFsah3+n4BROx4bgonl92KIBtwLud/mIWir8ahqhuhe2by9LakQ=="
    },
    "immutable@3.8.2": {
      "integrity": "sha512-15gZoQ38eYjEjxkorfbcgBKBL6R7T459OuK+CpcWt7O3KF4uPCx2tD0uFETlUDIyo+1789crbMhTvQBSR5yBMg=="
    },
    "inherits@2.0.4": {
      "integrity": "sha512-k/vGaX4/Yla3WzyMCvTQOXYeIHvqOKtnqBduzTHpzpQZzAskKMhZ2K+EnBiSM9zGSoIFeMpXKxa4dYeZIQqewQ=="
    },
    "isarray@0.0.1": {
      "integrity": "sha512-D2S+3GLxWH+uhrNEcoh/fnmYeP8E8/zHl644d/jdA0g2uyXvy3sb0qxotE+ne0LtccHknQzWwZEzhak7oJ0COQ=="
    },
    "js-tokens@4.0.0": {
      "integrity": "sha512-RdJUflcE3cUzKiMqQgsCu06FPu9UdIJO0beYbPhHN4k6apgJtifcoCtT9bcxOpYBtpD2kCM6Sbzg4CausW/PKQ=="
    },
    "lodash@4.17.21": {
      "integrity": "sha512-v2kDEe57lecTulaDIuNTPy3Ry4gLGJ6Z1O3vE1krgXZNrsQ+LFTGHVxVjcXPs17LhbZVGedAJv8XZ1tvj5FvSg=="
    },
    "loose-envify@1.4.0": {
      "integrity": "sha512-lyuxPGr/Wfhrlem2CL/UcnUc1zcqKAImBDzukY7Y5F/yQiNdko6+fRLevlw1HgMySw7f611UIY408EtxRSoK3Q==",
      "dependencies": [
        "js-tokens"
      ]
    },
    "methods@1.1.2": {
      "integrity": "sha512-iclAHeNqNm68zFtnZ0e+1L2yUIdvzNoauKU4WBA3VvH/vPFieF7qfRlwUZU+DA9P9bPXIS90ulxoUoCH23sV2w=="
    },
    "mime-db@1.52.0": {
      "integrity": "sha512-sPU4uV7dYlvtWJxwwxHD0PuihVNiE7TyAbQ5SWxDCB9mUYvOgroQOwYQQOKPJ8CIbE+1ETVlOoK1UC2nU3gYvg=="
    },
    "mime-types@2.1.35": {
      "integrity": "sha512-ZDY+bPm5zTTF+YpCrAU9nK0UgICYPT0QtT1NZWFv4s++TNkcgVaT0g6+4R2uI4MjQjzysHB1zxuWL50hzaeXiw==",
      "dependencies": [
        "mime-db"
      ]
    },
    "mime@2.6.0": {
      "integrity": "sha512-USPkMeET31rOMiarsBNIHZKLGgvKc/LrjofAnBlOttf5ajRvqiRA8QsenbcooctK6d6Ts6aqZXBA+XbkKthiQg=="
    },
    "ms@2.1.3": {
      "integrity": "sha512-6FlzubTLZG3J2a/NVCAleEhjzq5oxgHyaCU9yYXvcLsvoVaHJq/s5xXI6/XXP6tz7R9xAOtHnSO/tXtF3WRTlA=="
    },
    "numeral@2.0.6": {
      "integrity": "sha512-qaKRmtYPZ5qdw4jWJD6bxEf1FJEqllJrwxCLIm0sQU/A7v2/czigzOb+C2uSiFsa9lBUzeH7M1oK+Q+OLxL3kA=="
    },
    "object-assign@4.1.1": {
      "integrity": "sha512-rJgTQnkUnH1sFw8yT6VSU3zD3sWmu6sZhIseY8VX+GRu3P6F7Fu+JNDoXfklElbLJSnc3FUQHVe4cU5hj+BcUg=="
    },
    "object-inspect@1.13.2": {
      "integrity": "sha512-IRZSRuzJiynemAXPYtPe5BoI/RESNYR7TYm50MC5Mqbd3Jmw5y790sErYw3V6SryFJD64b74qQQs9wn5Bg/k3g=="
    },
    "path-to-regexp@1.9.0": {
      "integrity": "sha512-xIp7/apCFJuUHdDLWe8O1HIkb0kQrOMb/0u6FXQjemHn/ii5LrIzU6bdECnsiTF/GjZkMEKg1xdiZwNqDYlZ6g==",
      "dependencies": [
        "isarray"
      ]
    },
    "path-to-regexp@6.2.1": {
      "integrity": "sha512-JLyh7xT1kizaEvcaXOQwOc2/Yhw6KZOvPf1S8401UyLk86CU79LN3vl7ztXGm/pZ+YjoyAJ4rxmHwbkBXJX+yw=="
    },
    "prop-types@15.8.1": {
      "integrity": "sha512-oj87CgZICdulUohogVAR7AjlC0327U4el4L6eAvOqCeudMDVU0NThNaV+b9Df4dXgSP1gXMTnPdhfe/2qDH5cg==",
      "dependencies": [
        "loose-envify",
        "object-assign",
        "react-is"
      ]
    },
    "qs@6.13.0": {
      "integrity": "sha512-+38qI9SOr8tfZ4QmJNplMUxqjbe7LKvvZgWdExBOmd+egZTtjLB67Gu0HRX3u/XOq7UU2Nx6nsjvS16Z9uwfpg==",
      "dependencies": [
        "side-channel"
      ]
    },
    "react-is@16.13.1": {
      "integrity": "sha512-24e6ynE2H+OKt4kqsOvNd8kBpV65zoxbA4BVsEOB3ARVWQki/DHzaUoC5KuON/BiccDaCCTZBuOcfZs70kR8bQ=="
    },
    "react@16.14.0": {
      "integrity": "sha512-0X2CImDkJGApiAlcf0ODKIneSwBPhqJawOa5wCtKbu7ZECrmS26NvtSILynQ66cgkT/RJ4LidJOc3bUESwmU8g==",
      "dependencies": [
        "loose-envify",
        "object-assign",
        "prop-types"
      ]
    },
    "readable-stream@3.6.2": {
      "integrity": "sha512-9u/sniCrY3D5WdsERHzHE4G2YCXqoG5FTHUiCC4SIbr6XcLZBY05ya9EKjYek9O5xOAwjGq+1JdGBAS7Q9ScoA==",
      "dependencies": [
        "inherits",
        "string_decoder",
        "util-deprecate"
      ]
    },
    "safe-buffer@5.2.1": {
      "integrity": "sha512-rp3So07KcdmmKbGvgaNxQSJr7bGVSVk5S9Eq1F+ppbRo70+YeaDxkw5Dd8NPN+GD6bjnYm2VuPuCXmpuYvmCXQ=="
    },
    "seroval-plugins@1.1.1_seroval@1.1.1": {
      "integrity": "sha512-qNSy1+nUj7hsCOon7AO4wdAIo9P0jrzAMp18XhiOzA6/uO5TKtP7ScozVJ8T293oRIvi5wyCHSM4TrJo/c/GJA==",
      "dependencies": [
        "seroval"
      ]
    },
    "seroval@1.1.1": {
      "integrity": "sha512-rqEO6FZk8mv7Hyv4UCj3FD3b6Waqft605TLfsCe/BiaylRpyyMC0b+uA5TJKawX3KzMrdi3wsLbCaLplrQmBvQ=="
    },
    "set-function-length@1.2.2": {
      "integrity": "sha512-pgRc4hJ4/sNjWCSS9AmnS40x3bNMDTknHgL5UaMBTMyJnU90EgWh1Rz+MC9eFu4BuN/UwZjKQuY/1v3rM7HMfg==",
      "dependencies": [
        "define-data-property",
        "es-errors",
        "function-bind",
        "get-intrinsic",
        "gopd",
        "has-property-descriptors"
      ]
    },
    "side-channel@1.0.6": {
      "integrity": "sha512-fDW/EZ6Q9RiO8eFG8Hj+7u/oW+XrPTIChwCOM2+th2A6OblDtYYIpve9m+KvI9Z4C9qSEXlaGR6bTEYHReuglA==",
      "dependencies": [
        "call-bind",
        "es-errors",
        "get-intrinsic",
        "object-inspect"
      ]
    },
    "solid-js@1.9.3_seroval@1.1.1": {
      "integrity": "sha512-5ba3taPoZGt9GY3YlsCB24kCg0Lv/rie/HTD4kG6h4daZZz7+yK02xn8Vx8dLYBc9i6Ps5JwAbEiqjmKaLB3Ag==",
      "dependencies": [
        "csstype",
        "seroval",
        "seroval-plugins"
      ]
    },
    "string_decoder@1.3.0": {
      "integrity": "sha512-hkRX8U1WjJFd8LsDJ2yQ/wWWxaopEsABU1XfkM8A+j0+85JAGppt16cr1Whg6KIbb4okU6Mql6BOj+uup/wKeA==",
      "dependencies": [
        "safe-buffer"
      ]
    },
    "superagent-mocker@0.5.2": {
      "integrity": "sha512-nfr3rpXuzUFyBkNQYRP4cdXRDedNquvUYPNtHJLLlp5nl2DtiCxWI2KzNuoSX6/luQLY6+HEFEUg8Id6HLPJtQ==",
      "dependencies": [
        "path-to-regexp@1.9.0"
      ]
    },
    "superagent@4.1.0": {
      "integrity": "sha512-FT3QLMasz0YyCd4uIi5HNe+3t/onxMyEho7C3PSqmti3Twgy2rXT4fmkTz6wRL6bTF4uzPcfkUCa8u4JWHw8Ag==",
      "dependencies": [
        "component-emitter",
        "cookiejar",
        "debug",
        "form-data",
        "formidable",
        "methods",
        "mime",
        "qs",
        "readable-stream"
      ]
    },
    "undici-types@6.19.8": {
      "integrity": "sha512-ve2KP6f/JnbPBFyobGHuerC9g1FYGn/F8n1LWTwNxCEzd6IfqTwUQcNXgEtmmQ6DlRrC1hrSrBnCZPokRrDHjw=="
    },
    "util-deprecate@1.0.2": {
      "integrity": "sha512-EPD5q1uXyFxJpCrLnCc1nHnq3gOa6DZBocAIiI2TaSCA7VCJ1UJDMagCzIkXNsUYfD1daK//LTEQ8xiIbrHtcw=="
    }
  },
  "remote": {
    "https://deno.land/std@0.137.0/_util/assert.ts": "e94f2eb37cebd7f199952e242c77654e43333c1ac4c5c700e929ea3aa5489f74",
    "https://deno.land/std@0.137.0/bytes/bytes_list.ts": "67eb118e0b7891d2f389dad4add35856f4ad5faab46318ff99653456c23b025d",
    "https://deno.land/std@0.137.0/bytes/equals.ts": "a60ef9f01fb6e06a4e0343fc44d53d39d12dd66bc3f09ac8e6eb9cc1a6335e48",
    "https://deno.land/std@0.137.0/bytes/mod.ts": "763f97d33051cc3f28af1a688dfe2830841192a9fea0cbaa55f927b49d49d0bf",
    "https://deno.land/std@0.137.0/fmt/colors.ts": "30455035d6d728394781c10755351742dd731e3db6771b1843f9b9e490104d37",
    "https://deno.land/std@0.137.0/io/buffer.ts": "bd0c4bf53db4b4be916ca5963e454bddfd3fcd45039041ea161dbf826817822b",
    "https://deno.land/std@0.137.0/io/bufio.ts": "6892debf4476ba48591f47eadfde232a04f8d3ddaaf134f659234b09ea5d9c40",
    "https://deno.land/std@0.137.0/io/files.ts": "d199ef64e918a256320ba8d8d44ae91de87c9077df8f8d6cca013f1b9fbbe285",
    "https://deno.land/std@0.137.0/io/util.ts": "078da53bba767bec0d45f7da44411f6dbf269e51ef7fcfea5e3714e04681c674",
    "https://deno.land/std@0.137.0/streams/conversion.ts": "712585bfa0172a97fb68dd46e784ae8ad59d11b88079d6a4ab098ff42e697d21",
    "https://deno.land/std@0.137.0/testing/_diff.ts": "029a00560b0d534bc0046f1bce4bd36b3b41ada3f2a3178c85686eb2ff5f1413",
    "https://deno.land/std@0.137.0/testing/_format.ts": "0d8dc79eab15b67cdc532826213bbe05bccfd276ca473a50a3fc7bbfb7260642",
    "https://deno.land/std@0.137.0/testing/asserts.ts": "61d85fc80f548a6e1e66d93fb7874a2c9e097aeecc00643c5f4f340370cde56f",
    "https://deno.land/x/dejs@0.10.3/mod.ts": "8ca07db9a85c978c1c3741e673429fbff2bd063cb535bdb1b5b3375dba0a6fe3",
    "https://deno.land/x/dejs@0.10.3/vendor/https/deno.land/std/io/buffer.ts": "32a3beffa31a6a8e6ab4b666fed0037830aa42a2c7b375b8b5cf3d2039250088",
    "https://deno.land/x/dejs@0.10.3/vendor/https/deno.land/std/io/bufio.ts": "6ea5a0845b0ebe428da235e6470664bdaed128b2f8b54e0d87b87acfd4347c79",
    "https://deno.land/x/dejs@0.10.3/vendor/https/deno.land/std/io/util.ts": "4a713f517fb794dce2237aa36fe5873a45c3d374d38fdb4cc33fcff1b3fdaa47",
    "https://deno.land/x/dejs@0.10.3/vendor/https/deno.land/x/lodash/escape.js": "653e406a1b9c947918c124ddbfb8d39d5cebe86884b819974b5de13279d52df5",
    "https://deno.land/x/lodash@4.17.15-es/_Symbol.js": "631160c3c0cbd05ec8a3d1934ded4a312504a29f04a00be2b29372d00dd6bc6d",
    "https://deno.land/x/lodash@4.17.15-es/_arrayMap.js": "ae3521733bd602f0f0443562ca13d3d1c8f42e130d4d4b0deacd931b68b0c60b",
    "https://deno.land/x/lodash@4.17.15-es/_baseGetTag.js": "3a9eebe37ba231eff0380b5f76ac5b5fcee4590665642fd052d77aa51c7d063f",
    "https://deno.land/x/lodash@4.17.15-es/_basePropertyOf.js": "a62950da12b7236a1524bc1191d43ed2edc6e93827f1b12e903d71f9f262e15b",
    "https://deno.land/x/lodash@4.17.15-es/_baseToString.js": "dc45840c564e75b058f8492a207d84a80629facdc33d80c4f05018aacdad675b",
    "https://deno.land/x/lodash@4.17.15-es/_escapeHtmlChar.js": "96451046e1ca9a2e38dafdd0635f163976631bea1a32688bfbed105f1c224940",
    "https://deno.land/x/lodash@4.17.15-es/_freeGlobal.js": "0b65c37b3c1ce6d1800cb59a330dde73f1009f0d10eeaf8fd45f7607b87db4c5",
    "https://deno.land/x/lodash@4.17.15-es/_getRawTag.js": "0023dec54160317b70d52df1d7918638bc16a2869b1bf355f0a4f3e755aa6faf",
    "https://deno.land/x/lodash@4.17.15-es/_objectToString.js": "8f1bb6043dc27219e71dfae28900a7f214a0856118a628efeb120169fe46fe8c",
    "https://deno.land/x/lodash@4.17.15-es/_root.js": "df58ff96c454ca91ace20d20e6af49b354c70dfba7e737adc00cd23e8ff77168",
    "https://deno.land/x/lodash@4.17.15-es/escape.js": "7babdce893618e4104b3baec5664f7d645b9a18d38e94ed09c4430ebb0f0a0ff",
    "https://deno.land/x/lodash@4.17.15-es/isArray.js": "0d9bcdfdf53955d9253076ddd68e0b992b2c91fb8364baa2ca971e57cbb74e4b",
    "https://deno.land/x/lodash@4.17.15-es/isObjectLike.js": "e45d69136695e8568c6fb3c7327f96ac1a8ff7284b1b22f26fb4654255fd0c6c",
    "https://deno.land/x/lodash@4.17.15-es/isSymbol.js": "f0dc1666c3cec2306cd4fd0f63a9a7ab1f25ed21d2db6664b1edc81bd3641a41",
    "https://deno.land/x/lodash@4.17.15-es/toString.js": "3f4c8d942944c3fe622e9fba36275b6291e834113619b266909822becfa94976"
  },
  "workspace": {
    "dependencies": [
      "jsr:@oak/oak@^17.1.2",
      "jsr:@std/assert@1",
      "npm:dejs@~0.7.5",
      "npm:solid-js@^1.9.3"
    ]
  }
}
